
Microsoft Visual Studio Solution File, Format Version 10.00
# Visual C++ Express 2008
Project("{8BC9CEB8-8B4A-11D0-8D11-00A0C91BC942}") = "libzmq", "libzmq\libzmq.vcproj", "{9D26E69B-A2D9-4F37-BFF2-101AB9B605C0}"
EndProject
Project("{8BC9CEB8-8B4A-11D0-8D11-00A0C91BC942}") = "zmq_server", "zmq_server\zmq_server.vcproj", "{095B75FC-D1E5-451D-B5FF-244EFF98DB3E}"
	ProjectSection(ProjectDependencies) = postProject
		{9D26E69B-A2D9-4F37-BFF2-101AB9B605C0} = {9D26E69B-A2D9-4F37-BFF2-101AB9B605C0}
	EndProjectSection
EndProject
Project("{8BC9CEB8-8B4A-11D0-8D11-00A0C91BC942}") = "local_lat", "local_lat\local_lat.vcproj", "{C7031396-3137-4413-8458-4434D7E7AC60}"
	ProjectSection(ProjectDependencies) = postProject
		{9D26E69B-A2D9-4F37-BFF2-101AB9B605C0} = {9D26E69B-A2D9-4F37-BFF2-101AB9B605C0}
		{095B75FC-D1E5-451D-B5FF-244EFF98DB3E} = {095B75FC-D1E5-451D-B5FF-244EFF98DB3E}
	EndProjectSection
EndProject
Project("{8BC9CEB8-8B4A-11D0-8D11-00A0C91BC942}") = "remote_lat", "remote_lat\remote_lat.vcproj", "{55503DB2-AB04-4EAD-949E-72BBF687BA3B}"
	ProjectSection(ProjectDependencies) = postProject
		{9D26E69B-A2D9-4F37-BFF2-101AB9B605C0} = {9D26E69B-A2D9-4F37-BFF2-101AB9B605C0}
		{095B75FC-D1E5-451D-B5FF-244EFF98DB3E} = {095B75FC-D1E5-451D-B5FF-244EFF98DB3E}
	EndProjectSection
EndProject
Project("{8BC9CEB8-8B4A-11D0-8D11-00A0C91BC942}") = "local_thr", "local_thr\local_thr.vcproj", "{3B4B6053-0FEE-452D-9442-5E96DCA40F74}"
	ProjectSection(ProjectDependencies) = postProject
		{9D26E69B-A2D9-4F37-BFF2-101AB9B605C0} = {9D26E69B-A2D9-4F37-BFF2-101AB9B605C0}
		{095B75FC-D1E5-451D-B5FF-244EFF98DB3E} = {095B75FC-D1E5-451D-B5FF-244EFF98DB3E}
	EndProjectSection
EndProject
Project("{8BC9CEB8-8B4A-11D0-8D11-00A0C91BC942}") = "remote_thr", "remote_thr\remote_thr.vcproj", "{74E3086F-53EB-4BE3-9C1F-2CAE3275F785}"
	ProjectSection(ProjectDependencies) = postProject
		{9D26E69B-A2D9-4F37-BFF2-101AB9B605C0} = {9D26E69B-A2D9-4F37-BFF2-101AB9B605C0}
		{095B75FC-D1E5-451D-B5FF-244EFF98DB3E} = {095B75FC-D1E5-451D-B5FF-244EFF98DB3E}
	EndProjectSection
EndProject
Project("{8BC9CEB8-8B4A-11D0-8D11-00A0C91BC942}") = "libczmq", "libczmq\libczmq.vcproj", "{162C0EE3-FDAD-4B1C-83F2-82C5997783CA}"
	ProjectSection(ProjectDependencies) = postProject
		{9D26E69B-A2D9-4F37-BFF2-101AB9B605C0} = {9D26E69B-A2D9-4F37-BFF2-101AB9B605C0}
		{095B75FC-D1E5-451D-B5FF-244EFF98DB3E} = {095B75FC-D1E5-451D-B5FF-244EFF98DB3E}
	EndProjectSection
EndProject
Project("{8BC9CEB8-8B4A-11D0-8D11-00A0C91BC942}") = "c_local_lat", "c_local_lat\c_local_lat.vcproj", "{705B0F57-3649-4FD4-BE87-01B698873602}"
	ProjectSection(ProjectDependencies) = postProject
		{162C0EE3-FDAD-4B1C-83F2-82C5997783CA} = {162C0EE3-FDAD-4B1C-83F2-82C5997783CA}
		{095B75FC-D1E5-451D-B5FF-244EFF98DB3E} = {095B75FC-D1E5-451D-B5FF-244EFF98DB3E}
	EndProjectSection
EndProject
Project("{8BC9CEB8-8B4A-11D0-8D11-00A0C91BC942}") = "c_remote_lat", "c_remote_lat\c_remote_lat.vcproj", "{B22DBF61-F479-4B7C-82FF-F44D1E9EE4BA}"
	ProjectSection(ProjectDependencies) = postProject
		{162C0EE3-FDAD-4B1C-83F2-82C5997783CA} = {162C0EE3-FDAD-4B1C-83F2-82C5997783CA}
		{095B75FC-D1E5-451D-B5FF-244EFF98DB3E} = {095B75FC-D1E5-451D-B5FF-244EFF98DB3E}
	EndProjectSection
EndProject
Project("{8BC9CEB8-8B4A-11D0-8D11-00A0C91BC942}") = "c_local_thr", "c_local_thr\c_local_thr.vcproj", "{2216F58C-9E6D-4FC1-87C7-2E74EE55DBCE}"
	ProjectSection(ProjectDependencies) = postProject
		{162C0EE3-FDAD-4B1C-83F2-82C5997783CA} = {162C0EE3-FDAD-4B1C-83F2-82C5997783CA}
		{095B75FC-D1E5-451D-B5FF-244EFF98DB3E} = {095B75FC-D1E5-451D-B5FF-244EFF98DB3E}
	EndProjectSection
EndProject
Project("{8BC9CEB8-8B4A-11D0-8D11-00A0C91BC942}") = "c_remote_thr", "c_remote_thr\c_remote_thr.vcproj", "{B9B13C62-72AC-4DC7-8A6E-304B086742D8}"
	ProjectSection(ProjectDependencies) = postProject
		{162C0EE3-FDAD-4B1C-83F2-82C5997783CA} = {162C0EE3-FDAD-4B1C-83F2-82C5997783CA}
		{095B75FC-D1E5-451D-B5FF-244EFF98DB3E} = {095B75FC-D1E5-451D-B5FF-244EFF98DB3E}
	EndProjectSection
EndProject
Project("{8BC9CEB8-8B4A-11D0-8D11-00A0C91BC942}") = "libpyzmq", "libpyzmq\libpyzmq.vcproj", "{DD1B0B19-BAFA-48F3-A817-C75CFEC44363}"
	ProjectSection(ProjectDependencies) = postProject
		{9D26E69B-A2D9-4F37-BFF2-101AB9B605C0} = {9D26E69B-A2D9-4F37-BFF2-101AB9B605C0}
		{095B75FC-D1E5-451D-B5FF-244EFF98DB3E} = {095B75FC-D1E5-451D-B5FF-244EFF98DB3E}
	EndProjectSection
EndProject
Project("{8BC9CEB8-8B4A-11D0-8D11-00A0C91BC942}") = "libjzmq", "libjzmq\libjzmq.vcproj", "{1A719351-FE75-4C3E-9C51-CA33537F06CD}"
	ProjectSection(ProjectDependencies) = postProject
		{9D26E69B-A2D9-4F37-BFF2-101AB9B605C0} = {9D26E69B-A2D9-4F37-BFF2-101AB9B605C0}
		{095B75FC-D1E5-451D-B5FF-244EFF98DB3E} = {095B75FC-D1E5-451D-B5FF-244EFF98DB3E}
	EndProjectSection
EndProject
Project("{8BC9CEB8-8B4A-11D0-8D11-00A0C91BC942}") = "chatroom", "chat\chat.vcproj", "{AFA8BDBB-6D20-4172-8736-4037301B9E6B}"
	ProjectSection(ProjectDependencies) = postProject
		{9D26E69B-A2D9-4F37-BFF2-101AB9B605C0} = {9D26E69B-A2D9-4F37-BFF2-101AB9B605C0}
	EndProjectSection
EndProject
Project("{8BC9CEB8-8B4A-11D0-8D11-00A0C91BC942}") = "display", "display\display.vcproj", "{CD944FC4-9D20-460B-B990-89672BD7E0E3}"
	ProjectSection(ProjectDependencies) = postProject
		{9D26E69B-A2D9-4F37-BFF2-101AB9B605C0} = {9D26E69B-A2D9-4F37-BFF2-101AB9B605C0}
	EndProjectSection
EndProject
Project("{8BC9CEB8-8B4A-11D0-8D11-00A0C91BC942}") = "prompt", "prompt\prompt.vcproj", "{9084C92A-F3A9-4679-8A3D-6D8DEA99AB94}"
	ProjectSection(ProjectDependencies) = postProject
		{9D26E69B-A2D9-4F37-BFF2-101AB9B605C0} = {9D26E69B-A2D9-4F37-BFF2-101AB9B605C0}
	EndProjectSection
EndProject
Project("{8BC9CEB8-8B4A-11D0-8D11-00A0C91BC942}") = "stat", "stat\stat.vcproj", "{FFEBA8C4-D43C-4F59-B8D4-D2517EB983F3}"
	ProjectSection(ProjectDependencies) = postProject
		{9D26E69B-A2D9-4F37-BFF2-101AB9B605C0} = {9D26E69B-A2D9-4F37-BFF2-101AB9B605C0}
	EndProjectSection
EndProject
Project("{8BC9CEB8-8B4A-11D0-8D11-00A0C91BC942}") = "me", "me\me.vcproj", "{3989B46B-EF69-4E6F-95FD-8D0697A78B72}"
	ProjectSection(ProjectDependencies) = postProject
		{9D26E69B-A2D9-4F37-BFF2-101AB9B605C0} = {9D26E69B-A2D9-4F37-BFF2-101AB9B605C0}
	EndProjectSection
EndProject
Project("{8BC9CEB8-8B4A-11D0-8D11-00A0C91BC942}") = "gtw", "gtw\gtw.vcproj", "{3230AA90-3EA1-433A-B5C1-1EECEF5D42C7}"
	ProjectSection(ProjectDependencies) = postProject
		{9D26E69B-A2D9-4F37-BFF2-101AB9B605C0} = {9D26E69B-A2D9-4F37-BFF2-101AB9B605C0}
	EndProjectSection
EndProject
Project("{8BC9CEB8-8B4A-11D0-8D11-00A0C91BC942}") = "tcp_local_lat", "tcp_local_lat\tcp_local_lat.vcproj", "{F261181D-B579-4F37-820B-FEF3AC736CE8}"
	ProjectSection(ProjectDependencies) = postProject
		{9D26E69B-A2D9-4F37-BFF2-101AB9B605C0} = {9D26E69B-A2D9-4F37-BFF2-101AB9B605C0}
	EndProjectSection
EndProject
Project("{8BC9CEB8-8B4A-11D0-8D11-00A0C91BC942}") = "tcp_remote_lat", "tcp_remote_lat\tcp_remote_lat.vcproj", "{34785F45-C09F-422F-A99A-273196597F25}"
	ProjectSection(ProjectDependencies) = postProject
		{9D26E69B-A2D9-4F37-BFF2-101AB9B605C0} = {9D26E69B-A2D9-4F37-BFF2-101AB9B605C0}
	EndProjectSection
EndProject
Project("{8BC9CEB8-8B4A-11D0-8D11-00A0C91BC942}") = "tcp_local_thr", "tcp_local_thr\tcp_local_thr.vcproj", "{0AB99926-3759-4164-AA87-903C0AA3F4CB}"
	ProjectSection(ProjectDependencies) = postProject
		{9D26E69B-A2D9-4F37-BFF2-101AB9B605C0} = {9D26E69B-A2D9-4F37-BFF2-101AB9B605C0}
	EndProjectSection
EndProject
Project("{8BC9CEB8-8B4A-11D0-8D11-00A0C91BC942}") = "tcp_remote_thr", "tcp_remote_thr\tcp_remote_thr.vcproj", "{B6288B18-F2B5-4B5A-8EE5-D5F0438638AF}"
	ProjectSection(ProjectDependencies) = postProject
		{9D26E69B-A2D9-4F37-BFF2-101AB9B605C0} = {9D26E69B-A2D9-4F37-BFF2-101AB9B605C0}
	EndProjectSection
EndProject
Project("{8BC9CEB8-8B4A-11D0-8D11-00A0C91BC942}") = "pack", "pack\pack.vcproj", "{8DDBF610-E9AF-4F5D-BF9B-9E1A12C599F7}"
	ProjectSection(ProjectDependencies) = postProject
		{D2FE9C03-A660-4AB1-8CB7-21092FEEE607} = {D2FE9C03-A660-4AB1-8CB7-21092FEEE607}
		{B6288B18-F2B5-4B5A-8EE5-D5F0438638AF} = {B6288B18-F2B5-4B5A-8EE5-D5F0438638AF}
		{DD1B0B19-BAFA-48F3-A817-C75CFEC44363} = {DD1B0B19-BAFA-48F3-A817-C75CFEC44363}
		{F261181D-B579-4F37-820B-FEF3AC736CE8} = {F261181D-B579-4F37-820B-FEF3AC736CE8}
		{81EBA921-1A6B-4164-A550-D08F8417BF0F} = {81EBA921-1A6B-4164-A550-D08F8417BF0F}
		{589D5C26-B62C-489C-9294-3568CEDF085B} = {589D5C26-B62C-489C-9294-3568CEDF085B}
		{0AB99926-3759-4164-AA87-903C0AA3F4CB} = {0AB99926-3759-4164-AA87-903C0AA3F4CB}
		{9084C92A-F3A9-4679-8A3D-6D8DEA99AB94} = {9084C92A-F3A9-4679-8A3D-6D8DEA99AB94}
		{C02B9440-D14A-4B81-9475-B33F9B09EC70} = {C02B9440-D14A-4B81-9475-B33F9B09EC70}
		{34785F45-C09F-422F-A99A-273196597F25} = {34785F45-C09F-422F-A99A-273196597F25}
		{1A719351-FE75-4C3E-9C51-CA33537F06CD} = {1A719351-FE75-4C3E-9C51-CA33537F06CD}
		{3B4B6053-0FEE-452D-9442-5E96DCA40F74} = {3B4B6053-0FEE-452D-9442-5E96DCA40F74}
		{705B0F57-3649-4FD4-BE87-01B698873602} = {705B0F57-3649-4FD4-BE87-01B698873602}
		{B22DBF61-F479-4B7C-82FF-F44D1E9EE4BA} = {B22DBF61-F479-4B7C-82FF-F44D1E9EE4BA}
		{B9B13C62-72AC-4DC7-8A6E-304B086742D8} = {B9B13C62-72AC-4DC7-8A6E-304B086742D8}
		{3989B46B-EF69-4E6F-95FD-8D0697A78B72} = {3989B46B-EF69-4E6F-95FD-8D0697A78B72}
		{6D77C86C-8F9B-44F2-89C3-27B7D45083E8} = {6D77C86C-8F9B-44F2-89C3-27B7D45083E8}
		{74E3086F-53EB-4BE3-9C1F-2CAE3275F785} = {74E3086F-53EB-4BE3-9C1F-2CAE3275F785}
		{C19C947A-27C6-4042-A9B3-C0A2D9CF5488} = {C19C947A-27C6-4042-A9B3-C0A2D9CF5488}
		{2216F58C-9E6D-4FC1-87C7-2E74EE55DBCE} = {2216F58C-9E6D-4FC1-87C7-2E74EE55DBCE}
		{2D99428D-5CF4-4FBF-AEFF-A06F401DD1B3} = {2D99428D-5CF4-4FBF-AEFF-A06F401DD1B3}
		{3230AA90-3EA1-433A-B5C1-1EECEF5D42C7} = {3230AA90-3EA1-433A-B5C1-1EECEF5D42C7}
		{C7031396-3137-4413-8458-4434D7E7AC60} = {C7031396-3137-4413-8458-4434D7E7AC60}
		{9D26E69B-A2D9-4F37-BFF2-101AB9B605C0} = {9D26E69B-A2D9-4F37-BFF2-101AB9B605C0}
		{3426B9A5-F0D2-4856-877C-CF43227A9560} = {3426B9A5-F0D2-4856-877C-CF43227A9560}
		{55503DB2-AB04-4EAD-949E-72BBF687BA3B} = {55503DB2-AB04-4EAD-949E-72BBF687BA3B}
		{F7C895B6-1BBA-4C98-8D3B-61B239794493} = {F7C895B6-1BBA-4C98-8D3B-61B239794493}
		{AFA8BDBB-6D20-4172-8736-4037301B9E6B} = {AFA8BDBB-6D20-4172-8736-4037301B9E6B}
		{CD944FC4-9D20-460B-B990-89672BD7E0E3} = {CD944FC4-9D20-460B-B990-89672BD7E0E3}
		{FFEBA8C4-D43C-4F59-B8D4-D2517EB983F3} = {FFEBA8C4-D43C-4F59-B8D4-D2517EB983F3}
		{7679EFD3-C910-4A79-B992-6BCFCDD3E0D6} = {7679EFD3-C910-4A79-B992-6BCFCDD3E0D6}
		{162C0EE3-FDAD-4B1C-83F2-82C5997783CA} = {162C0EE3-FDAD-4B1C-83F2-82C5997783CA}
		{DF6E3CEF-F95B-4C61-AB4C-829107D41C05} = {DF6E3CEF-F95B-4C61-AB4C-829107D41C05}
		{53369FF0-D3E4-4FFD-82F6-13C8BD442E52} = {53369FF0-D3E4-4FFD-82F6-13C8BD442E52}
		{095B75FC-D1E5-451D-B5FF-244EFF98DB3E} = {095B75FC-D1E5-451D-B5FF-244EFF98DB3E}
	EndProjectSection
EndProject
Project("{8BC9CEB8-8B4A-11D0-8D11-00A0C91BC942}") = "butterfly_component2", "butterfly_component2\butterfly_component2.vcproj", "{C19C947A-27C6-4042-A9B3-C0A2D9CF5488}"
	ProjectSection(ProjectDependencies) = postProject
		{9D26E69B-A2D9-4F37-BFF2-101AB9B605C0} = {9D26E69B-A2D9-4F37-BFF2-101AB9B605C0}
	EndProjectSection
EndProject
Project("{8BC9CEB8-8B4A-11D0-8D11-00A0C91BC942}") = "butterfly_component1", "butterfly_component1\butterfly_component1.vcproj", "{C02B9440-D14A-4B81-9475-B33F9B09EC70}"
	ProjectSection(ProjectDependencies) = postProject
		{9D26E69B-A2D9-4F37-BFF2-101AB9B605C0} = {9D26E69B-A2D9-4F37-BFF2-101AB9B605C0}
	EndProjectSection
EndProject
Project("{8BC9CEB8-8B4A-11D0-8D11-00A0C91BC942}") = "butterfly_intermediate", "butterfly_intermediate\butterfly_intermediate.vcproj", "{7679EFD3-C910-4A79-B992-6BCFCDD3E0D6}"
	ProjectSection(ProjectDependencies) = postProject
		{9D26E69B-A2D9-4F37-BFF2-101AB9B605C0} = {9D26E69B-A2D9-4F37-BFF2-101AB9B605C0}
	EndProjectSection
EndProject
Project("{8BC9CEB8-8B4A-11D0-8D11-00A0C91BC942}") = "butterfly_send_requests", "butterfly_send_requests\butterfly_send_requests.vcproj", "{53369FF0-D3E4-4FFD-82F6-13C8BD442E52}"
	ProjectSection(ProjectDependencies) = postProject
		{9D26E69B-A2D9-4F37-BFF2-101AB9B605C0} = {9D26E69B-A2D9-4F37-BFF2-101AB9B605C0}
	EndProjectSection
EndProject
Project("{8BC9CEB8-8B4A-11D0-8D11-00A0C91BC942}") = "butterfly_receive_replies", "butterfly_receive_replies\butterfly_receive_replies.vcproj", "{81EBA921-1A6B-4164-A550-D08F8417BF0F}"
	ProjectSection(ProjectDependencies) = postProject
		{9D26E69B-A2D9-4F37-BFF2-101AB9B605C0} = {9D26E69B-A2D9-4F37-BFF2-101AB9B605C0}
	EndProjectSection
EndProject
Project("{8BC9CEB8-8B4A-11D0-8D11-00A0C91BC942}") = "librbzmq", "librbzmq\librbzmq.vcproj", "{F7C895B6-1BBA-4C98-8D3B-61B239794493}"
	ProjectSection(ProjectDependencies) = postProject
		{9D26E69B-A2D9-4F37-BFF2-101AB9B605C0} = {9D26E69B-A2D9-4F37-BFF2-101AB9B605C0}
		{095B75FC-D1E5-451D-B5FF-244EFF98DB3E} = {095B75FC-D1E5-451D-B5FF-244EFF98DB3E}
	EndProjectSection
EndProject
Project("{8BC9CEB8-8B4A-11D0-8D11-00A0C91BC942}") = "pgm_remote_lat", "pgm_remote_lat\pgm_remote_lat.vcproj", "{6D77C86C-8F9B-44F2-89C3-27B7D45083E8}"
	ProjectSection(ProjectDependencies) = postProject
		{9D26E69B-A2D9-4F37-BFF2-101AB9B605C0} = {9D26E69B-A2D9-4F37-BFF2-101AB9B605C0}
	EndProjectSection
EndProject
Project("{8BC9CEB8-8B4A-11D0-8D11-00A0C91BC942}") = "pgm_local_lat", "pgm_local_lat\pgm_local_lat.vcproj", "{589D5C26-B62C-489C-9294-3568CEDF085B}"
	ProjectSection(ProjectDependencies) = postProject
		{9D26E69B-A2D9-4F37-BFF2-101AB9B605C0} = {9D26E69B-A2D9-4F37-BFF2-101AB9B605C0}
	EndProjectSection
EndProject
Project("{8BC9CEB8-8B4A-11D0-8D11-00A0C91BC942}") = "pgm_remote_thr", "pgm_remote_thr\pgm_remote_thr.vcproj", "{2D99428D-5CF4-4FBF-AEFF-A06F401DD1B3}"
	ProjectSection(ProjectDependencies) = postProject
		{9D26E69B-A2D9-4F37-BFF2-101AB9B605C0} = {9D26E69B-A2D9-4F37-BFF2-101AB9B605C0}
	EndProjectSection
EndProject
Project("{8BC9CEB8-8B4A-11D0-8D11-00A0C91BC942}") = "pgm_local_thr", "pgm_local_thr\pgm_local_thr.vcproj", "{3426B9A5-F0D2-4856-877C-CF43227A9560}"
	ProjectSection(ProjectDependencies) = postProject
		{9D26E69B-A2D9-4F37-BFF2-101AB9B605C0} = {9D26E69B-A2D9-4F37-BFF2-101AB9B605C0}
	EndProjectSection
EndProject
Project("{8BC9CEB8-8B4A-11D0-8D11-00A0C91BC942}") = "pgm_sender", "pgm_sender\pgm_sender.vcproj", "{DF6E3CEF-F95B-4C61-AB4C-829107D41C05}"
	ProjectSection(ProjectDependencies) = postProject
		{9D26E69B-A2D9-4F37-BFF2-101AB9B605C0} = {9D26E69B-A2D9-4F37-BFF2-101AB9B605C0}
	EndProjectSection
EndProject
Project("{8BC9CEB8-8B4A-11D0-8D11-00A0C91BC942}") = "pgm_receiver", "pgm_receiver\pgm_receiver.vcproj", "{D2FE9C03-A660-4AB1-8CB7-21092FEEE607}"
	ProjectSection(ProjectDependencies) = postProject
		{9D26E69B-A2D9-4F37-BFF2-101AB9B605C0} = {9D26E69B-A2D9-4F37-BFF2-101AB9B605C0}
	EndProjectSection
EndProject
Global
	GlobalSection(SolutionConfigurationPlatforms) = preSolution
		Debug|Any CPU = Debug|Any CPU
		Debug|Win32 = Debug|Win32
		Release|Any CPU = Release|Any CPU
		Release|Win32 = Release|Win32
	EndGlobalSection
	GlobalSection(ProjectConfigurationPlatforms) = postSolution
		{9D26E69B-A2D9-4F37-BFF2-101AB9B605C0}.Debug|Any CPU.ActiveCfg = Debug|Win32
		{9D26E69B-A2D9-4F37-BFF2-101AB9B605C0}.Debug|Any CPU.Build.0 = Debug|Win32
		{9D26E69B-A2D9-4F37-BFF2-101AB9B605C0}.Debug|Win32.ActiveCfg = Debug|Win32
		{9D26E69B-A2D9-4F37-BFF2-101AB9B605C0}.Debug|Win32.Build.0 = Debug|Win32
		{9D26E69B-A2D9-4F37-BFF2-101AB9B605C0}.Release|Any CPU.ActiveCfg = Release|Win32
		{9D26E69B-A2D9-4F37-BFF2-101AB9B605C0}.Release|Any CPU.Build.0 = Release|Win32
		{9D26E69B-A2D9-4F37-BFF2-101AB9B605C0}.Release|Win32.ActiveCfg = Release|Win32
		{9D26E69B-A2D9-4F37-BFF2-101AB9B605C0}.Release|Win32.Build.0 = Release|Win32
		{095B75FC-D1E5-451D-B5FF-244EFF98DB3E}.Debug|Any CPU.ActiveCfg = Debug|Win32
		{095B75FC-D1E5-451D-B5FF-244EFF98DB3E}.Debug|Any CPU.Build.0 = Debug|Win32
		{095B75FC-D1E5-451D-B5FF-244EFF98DB3E}.Debug|Win32.ActiveCfg = Debug|Win32
		{095B75FC-D1E5-451D-B5FF-244EFF98DB3E}.Debug|Win32.Build.0 = Debug|Win32
		{095B75FC-D1E5-451D-B5FF-244EFF98DB3E}.Release|Any CPU.ActiveCfg = Release|Win32
		{095B75FC-D1E5-451D-B5FF-244EFF98DB3E}.Release|Any CPU.Build.0 = Release|Win32
		{095B75FC-D1E5-451D-B5FF-244EFF98DB3E}.Release|Win32.ActiveCfg = Release|Win32
		{095B75FC-D1E5-451D-B5FF-244EFF98DB3E}.Release|Win32.Build.0 = Release|Win32
		{C7031396-3137-4413-8458-4434D7E7AC60}.Debug|Any CPU.ActiveCfg = Debug|Win32
		{C7031396-3137-4413-8458-4434D7E7AC60}.Debug|Any CPU.Build.0 = Debug|Win32
		{C7031396-3137-4413-8458-4434D7E7AC60}.Debug|Win32.ActiveCfg = Debug|Win32
		{C7031396-3137-4413-8458-4434D7E7AC60}.Debug|Win32.Build.0 = Debug|Win32
		{C7031396-3137-4413-8458-4434D7E7AC60}.Release|Any CPU.ActiveCfg = Release|Win32
		{C7031396-3137-4413-8458-4434D7E7AC60}.Release|Any CPU.Build.0 = Release|Win32
		{C7031396-3137-4413-8458-4434D7E7AC60}.Release|Win32.ActiveCfg = Release|Win32
		{C7031396-3137-4413-8458-4434D7E7AC60}.Release|Win32.Build.0 = Release|Win32
		{55503DB2-AB04-4EAD-949E-72BBF687BA3B}.Debug|Any CPU.ActiveCfg = Debug|Win32
		{55503DB2-AB04-4EAD-949E-72BBF687BA3B}.Debug|Any CPU.Build.0 = Debug|Win32
		{55503DB2-AB04-4EAD-949E-72BBF687BA3B}.Debug|Win32.ActiveCfg = Debug|Win32
		{55503DB2-AB04-4EAD-949E-72BBF687BA3B}.Debug|Win32.Build.0 = Debug|Win32
		{55503DB2-AB04-4EAD-949E-72BBF687BA3B}.Release|Any CPU.ActiveCfg = Release|Win32
		{55503DB2-AB04-4EAD-949E-72BBF687BA3B}.Release|Any CPU.Build.0 = Release|Win32
		{55503DB2-AB04-4EAD-949E-72BBF687BA3B}.Release|Win32.ActiveCfg = Release|Win32
		{55503DB2-AB04-4EAD-949E-72BBF687BA3B}.Release|Win32.Build.0 = Release|Win32
		{3B4B6053-0FEE-452D-9442-5E96DCA40F74}.Debug|Any CPU.ActiveCfg = Debug|Win32
		{3B4B6053-0FEE-452D-9442-5E96DCA40F74}.Debug|Any CPU.Build.0 = Debug|Win32
		{3B4B6053-0FEE-452D-9442-5E96DCA40F74}.Debug|Win32.ActiveCfg = Debug|Win32
		{3B4B6053-0FEE-452D-9442-5E96DCA40F74}.Debug|Win32.Build.0 = Debug|Win32
		{3B4B6053-0FEE-452D-9442-5E96DCA40F74}.Release|Any CPU.ActiveCfg = Release|Win32
		{3B4B6053-0FEE-452D-9442-5E96DCA40F74}.Release|Any CPU.Build.0 = Release|Win32
		{3B4B6053-0FEE-452D-9442-5E96DCA40F74}.Release|Win32.ActiveCfg = Release|Win32
		{3B4B6053-0FEE-452D-9442-5E96DCA40F74}.Release|Win32.Build.0 = Release|Win32
		{74E3086F-53EB-4BE3-9C1F-2CAE3275F785}.Debug|Any CPU.ActiveCfg = Debug|Win32
		{74E3086F-53EB-4BE3-9C1F-2CAE3275F785}.Debug|Any CPU.Build.0 = Debug|Win32
		{74E3086F-53EB-4BE3-9C1F-2CAE3275F785}.Debug|Win32.ActiveCfg = Debug|Win32
		{74E3086F-53EB-4BE3-9C1F-2CAE3275F785}.Debug|Win32.Build.0 = Debug|Win32
		{74E3086F-53EB-4BE3-9C1F-2CAE3275F785}.Release|Any CPU.ActiveCfg = Release|Win32
		{74E3086F-53EB-4BE3-9C1F-2CAE3275F785}.Release|Any CPU.Build.0 = Release|Win32
		{74E3086F-53EB-4BE3-9C1F-2CAE3275F785}.Release|Win32.ActiveCfg = Release|Win32
		{74E3086F-53EB-4BE3-9C1F-2CAE3275F785}.Release|Win32.Build.0 = Release|Win32
		{162C0EE3-FDAD-4B1C-83F2-82C5997783CA}.Debug|Any CPU.ActiveCfg = Debug|Win32
		{162C0EE3-FDAD-4B1C-83F2-82C5997783CA}.Debug|Any CPU.Build.0 = Debug|Win32
		{162C0EE3-FDAD-4B1C-83F2-82C5997783CA}.Debug|Win32.ActiveCfg = Debug|Win32
		{162C0EE3-FDAD-4B1C-83F2-82C5997783CA}.Debug|Win32.Build.0 = Debug|Win32
		{162C0EE3-FDAD-4B1C-83F2-82C5997783CA}.Release|Any CPU.ActiveCfg = Release|Win32
		{162C0EE3-FDAD-4B1C-83F2-82C5997783CA}.Release|Any CPU.Build.0 = Release|Win32
		{162C0EE3-FDAD-4B1C-83F2-82C5997783CA}.Release|Win32.ActiveCfg = Release|Win32
		{162C0EE3-FDAD-4B1C-83F2-82C5997783CA}.Release|Win32.Build.0 = Release|Win32
		{705B0F57-3649-4FD4-BE87-01B698873602}.Debug|Any CPU.ActiveCfg = Debug|Win32
		{705B0F57-3649-4FD4-BE87-01B698873602}.Debug|Any CPU.Build.0 = Debug|Win32
		{705B0F57-3649-4FD4-BE87-01B698873602}.Debug|Win32.ActiveCfg = Debug|Win32
		{705B0F57-3649-4FD4-BE87-01B698873602}.Debug|Win32.Build.0 = Debug|Win32
		{705B0F57-3649-4FD4-BE87-01B698873602}.Release|Any CPU.ActiveCfg = Release|Win32
		{705B0F57-3649-4FD4-BE87-01B698873602}.Release|Any CPU.Build.0 = Release|Win32
		{705B0F57-3649-4FD4-BE87-01B698873602}.Release|Win32.ActiveCfg = Release|Win32
		{705B0F57-3649-4FD4-BE87-01B698873602}.Release|Win32.Build.0 = Release|Win32
		{B22DBF61-F479-4B7C-82FF-F44D1E9EE4BA}.Debug|Any CPU.ActiveCfg = Debug|Win32
		{B22DBF61-F479-4B7C-82FF-F44D1E9EE4BA}.Debug|Any CPU.Build.0 = Debug|Win32
		{B22DBF61-F479-4B7C-82FF-F44D1E9EE4BA}.Debug|Win32.ActiveCfg = Debug|Win32
		{B22DBF61-F479-4B7C-82FF-F44D1E9EE4BA}.Debug|Win32.Build.0 = Debug|Win32
		{B22DBF61-F479-4B7C-82FF-F44D1E9EE4BA}.Release|Any CPU.ActiveCfg = Release|Win32
		{B22DBF61-F479-4B7C-82FF-F44D1E9EE4BA}.Release|Any CPU.Build.0 = Release|Win32
		{B22DBF61-F479-4B7C-82FF-F44D1E9EE4BA}.Release|Win32.ActiveCfg = Release|Win32
		{B22DBF61-F479-4B7C-82FF-F44D1E9EE4BA}.Release|Win32.Build.0 = Release|Win32
		{2216F58C-9E6D-4FC1-87C7-2E74EE55DBCE}.Debug|Any CPU.ActiveCfg = Debug|Win32
		{2216F58C-9E6D-4FC1-87C7-2E74EE55DBCE}.Debug|Any CPU.Build.0 = Debug|Win32
		{2216F58C-9E6D-4FC1-87C7-2E74EE55DBCE}.Debug|Win32.ActiveCfg = Debug|Win32
		{2216F58C-9E6D-4FC1-87C7-2E74EE55DBCE}.Debug|Win32.Build.0 = Debug|Win32
		{2216F58C-9E6D-4FC1-87C7-2E74EE55DBCE}.Release|Any CPU.ActiveCfg = Release|Win32
		{2216F58C-9E6D-4FC1-87C7-2E74EE55DBCE}.Release|Any CPU.Build.0 = Release|Win32
		{2216F58C-9E6D-4FC1-87C7-2E74EE55DBCE}.Release|Win32.ActiveCfg = Release|Win32
		{2216F58C-9E6D-4FC1-87C7-2E74EE55DBCE}.Release|Win32.Build.0 = Release|Win32
		{B9B13C62-72AC-4DC7-8A6E-304B086742D8}.Debug|Any CPU.ActiveCfg = Debug|Win32
		{B9B13C62-72AC-4DC7-8A6E-304B086742D8}.Debug|Any CPU.Build.0 = Debug|Win32
		{B9B13C62-72AC-4DC7-8A6E-304B086742D8}.Debug|Win32.ActiveCfg = Debug|Win32
		{B9B13C62-72AC-4DC7-8A6E-304B086742D8}.Debug|Win32.Build.0 = Debug|Win32
		{B9B13C62-72AC-4DC7-8A6E-304B086742D8}.Release|Any CPU.ActiveCfg = Release|Win32
		{B9B13C62-72AC-4DC7-8A6E-304B086742D8}.Release|Any CPU.Build.0 = Release|Win32
		{B9B13C62-72AC-4DC7-8A6E-304B086742D8}.Release|Win32.ActiveCfg = Release|Win32
		{B9B13C62-72AC-4DC7-8A6E-304B086742D8}.Release|Win32.Build.0 = Release|Win32
		{DD1B0B19-BAFA-48F3-A817-C75CFEC44363}.Debug|Any CPU.ActiveCfg = Debug|Win32
		{DD1B0B19-BAFA-48F3-A817-C75CFEC44363}.Debug|Win32.ActiveCfg = Debug|Win32
		{DD1B0B19-BAFA-48F3-A817-C75CFEC44363}.Debug|Win32.Build.0 = Debug|Win32
		{DD1B0B19-BAFA-48F3-A817-C75CFEC44363}.Release|Any CPU.ActiveCfg = Release|Win32
		{DD1B0B19-BAFA-48F3-A817-C75CFEC44363}.Release|Any CPU.Build.0 = Release|Win32
		{DD1B0B19-BAFA-48F3-A817-C75CFEC44363}.Release|Win32.ActiveCfg = Release|Win32
		{DD1B0B19-BAFA-48F3-A817-C75CFEC44363}.Release|Win32.Build.0 = Release|Win32
		{1A719351-FE75-4C3E-9C51-CA33537F06CD}.Debug|Any CPU.ActiveCfg = Debug|Win32
		{1A719351-FE75-4C3E-9C51-CA33537F06CD}.Debug|Any CPU.Build.0 = Debug|Win32
		{1A719351-FE75-4C3E-9C51-CA33537F06CD}.Debug|Win32.ActiveCfg = Debug|Win32
		{1A719351-FE75-4C3E-9C51-CA33537F06CD}.Debug|Win32.Build.0 = Debug|Win32
		{1A719351-FE75-4C3E-9C51-CA33537F06CD}.Release|Any CPU.ActiveCfg = Release|Win32
		{1A719351-FE75-4C3E-9C51-CA33537F06CD}.Release|Any CPU.Build.0 = Release|Win32
		{1A719351-FE75-4C3E-9C51-CA33537F06CD}.Release|Win32.ActiveCfg = Release|Win32
		{1A719351-FE75-4C3E-9C51-CA33537F06CD}.Release|Win32.Build.0 = Release|Win32
		{AFA8BDBB-6D20-4172-8736-4037301B9E6B}.Debug|Any CPU.ActiveCfg = Debug|Win32
		{AFA8BDBB-6D20-4172-8736-4037301B9E6B}.Debug|Any CPU.Build.0 = Debug|Win32
		{AFA8BDBB-6D20-4172-8736-4037301B9E6B}.Debug|Win32.ActiveCfg = Debug|Win32
		{AFA8BDBB-6D20-4172-8736-4037301B9E6B}.Debug|Win32.Build.0 = Debug|Win32
		{AFA8BDBB-6D20-4172-8736-4037301B9E6B}.Release|Any CPU.ActiveCfg = Release|Win32
		{AFA8BDBB-6D20-4172-8736-4037301B9E6B}.Release|Any CPU.Build.0 = Release|Win32
		{AFA8BDBB-6D20-4172-8736-4037301B9E6B}.Release|Win32.ActiveCfg = Release|Win32
		{AFA8BDBB-6D20-4172-8736-4037301B9E6B}.Release|Win32.Build.0 = Release|Win32
		{CD944FC4-9D20-460B-B990-89672BD7E0E3}.Debug|Any CPU.ActiveCfg = Debug|Win32
		{CD944FC4-9D20-460B-B990-89672BD7E0E3}.Debug|Any CPU.Build.0 = Debug|Win32
		{CD944FC4-9D20-460B-B990-89672BD7E0E3}.Debug|Win32.ActiveCfg = Debug|Win32
		{CD944FC4-9D20-460B-B990-89672BD7E0E3}.Debug|Win32.Build.0 = Debug|Win32
		{CD944FC4-9D20-460B-B990-89672BD7E0E3}.Release|Any CPU.ActiveCfg = Release|Win32
		{CD944FC4-9D20-460B-B990-89672BD7E0E3}.Release|Any CPU.Build.0 = Release|Win32
		{CD944FC4-9D20-460B-B990-89672BD7E0E3}.Release|Win32.ActiveCfg = Release|Win32
		{CD944FC4-9D20-460B-B990-89672BD7E0E3}.Release|Win32.Build.0 = Release|Win32
		{9084C92A-F3A9-4679-8A3D-6D8DEA99AB94}.Debug|Any CPU.ActiveCfg = Debug|Win32
		{9084C92A-F3A9-4679-8A3D-6D8DEA99AB94}.Debug|Any CPU.Build.0 = Debug|Win32
		{9084C92A-F3A9-4679-8A3D-6D8DEA99AB94}.Debug|Win32.ActiveCfg = Debug|Win32
		{9084C92A-F3A9-4679-8A3D-6D8DEA99AB94}.Debug|Win32.Build.0 = Debug|Win32
		{9084C92A-F3A9-4679-8A3D-6D8DEA99AB94}.Release|Any CPU.ActiveCfg = Release|Win32
		{9084C92A-F3A9-4679-8A3D-6D8DEA99AB94}.Release|Any CPU.Build.0 = Release|Win32
		{9084C92A-F3A9-4679-8A3D-6D8DEA99AB94}.Release|Win32.ActiveCfg = Release|Win32
		{9084C92A-F3A9-4679-8A3D-6D8DEA99AB94}.Release|Win32.Build.0 = Release|Win32
		{FFEBA8C4-D43C-4F59-B8D4-D2517EB983F3}.Debug|Any CPU.ActiveCfg = Debug|Win32
		{FFEBA8C4-D43C-4F59-B8D4-D2517EB983F3}.Debug|Any CPU.Build.0 = Debug|Win32
		{FFEBA8C4-D43C-4F59-B8D4-D2517EB983F3}.Debug|Win32.ActiveCfg = Debug|Win32
		{FFEBA8C4-D43C-4F59-B8D4-D2517EB983F3}.Debug|Win32.Build.0 = Debug|Win32
		{FFEBA8C4-D43C-4F59-B8D4-D2517EB983F3}.Release|Any CPU.ActiveCfg = Release|Win32
		{FFEBA8C4-D43C-4F59-B8D4-D2517EB983F3}.Release|Any CPU.Build.0 = Release|Win32
		{FFEBA8C4-D43C-4F59-B8D4-D2517EB983F3}.Release|Win32.ActiveCfg = Release|Win32
		{FFEBA8C4-D43C-4F59-B8D4-D2517EB983F3}.Release|Win32.Build.0 = Release|Win32
		{3989B46B-EF69-4E6F-95FD-8D0697A78B72}.Debug|Any CPU.ActiveCfg = Debug|Win32
		{3989B46B-EF69-4E6F-95FD-8D0697A78B72}.Debug|Any CPU.Build.0 = Debug|Win32
		{3989B46B-EF69-4E6F-95FD-8D0697A78B72}.Debug|Win32.ActiveCfg = Debug|Win32
		{3989B46B-EF69-4E6F-95FD-8D0697A78B72}.Debug|Win32.Build.0 = Debug|Win32
		{3989B46B-EF69-4E6F-95FD-8D0697A78B72}.Release|Any CPU.ActiveCfg = Release|Win32
		{3989B46B-EF69-4E6F-95FD-8D0697A78B72}.Release|Any CPU.Build.0 = Release|Win32
		{3989B46B-EF69-4E6F-95FD-8D0697A78B72}.Release|Win32.ActiveCfg = Release|Win32
		{3989B46B-EF69-4E6F-95FD-8D0697A78B72}.Release|Win32.Build.0 = Release|Win32
		{3230AA90-3EA1-433A-B5C1-1EECEF5D42C7}.Debug|Any CPU.ActiveCfg = Debug|Win32
		{3230AA90-3EA1-433A-B5C1-1EECEF5D42C7}.Debug|Any CPU.Build.0 = Debug|Win32
		{3230AA90-3EA1-433A-B5C1-1EECEF5D42C7}.Debug|Win32.ActiveCfg = Debug|Win32
		{3230AA90-3EA1-433A-B5C1-1EECEF5D42C7}.Debug|Win32.Build.0 = Debug|Win32
		{3230AA90-3EA1-433A-B5C1-1EECEF5D42C7}.Release|Any CPU.ActiveCfg = Release|Win32
		{3230AA90-3EA1-433A-B5C1-1EECEF5D42C7}.Release|Any CPU.Build.0 = Release|Win32
		{3230AA90-3EA1-433A-B5C1-1EECEF5D42C7}.Release|Win32.ActiveCfg = Release|Win32
		{3230AA90-3EA1-433A-B5C1-1EECEF5D42C7}.Release|Win32.Build.0 = Release|Win32
		{F261181D-B579-4F37-820B-FEF3AC736CE8}.Debug|Any CPU.ActiveCfg = Debug|Win32
		{F261181D-B579-4F37-820B-FEF3AC736CE8}.Debug|Any CPU.Build.0 = Debug|Win32
		{F261181D-B579-4F37-820B-FEF3AC736CE8}.Debug|Win32.ActiveCfg = Debug|Win32
		{F261181D-B579-4F37-820B-FEF3AC736CE8}.Debug|Win32.Build.0 = Debug|Win32
		{F261181D-B579-4F37-820B-FEF3AC736CE8}.Release|Any CPU.ActiveCfg = Release|Win32
		{F261181D-B579-4F37-820B-FEF3AC736CE8}.Release|Any CPU.Build.0 = Release|Win32
		{F261181D-B579-4F37-820B-FEF3AC736CE8}.Release|Win32.ActiveCfg = Release|Win32
		{F261181D-B579-4F37-820B-FEF3AC736CE8}.Release|Win32.Build.0 = Release|Win32
		{34785F45-C09F-422F-A99A-273196597F25}.Debug|Any CPU.ActiveCfg = Debug|Win32
		{34785F45-C09F-422F-A99A-273196597F25}.Debug|Any CPU.Build.0 = Debug|Win32
		{34785F45-C09F-422F-A99A-273196597F25}.Debug|Win32.ActiveCfg = Debug|Win32
		{34785F45-C09F-422F-A99A-273196597F25}.Debug|Win32.Build.0 = Debug|Win32
		{34785F45-C09F-422F-A99A-273196597F25}.Release|Any CPU.ActiveCfg = Release|Win32
		{34785F45-C09F-422F-A99A-273196597F25}.Release|Any CPU.Build.0 = Release|Win32
		{34785F45-C09F-422F-A99A-273196597F25}.Release|Win32.ActiveCfg = Release|Win32
		{34785F45-C09F-422F-A99A-273196597F25}.Release|Win32.Build.0 = Release|Win32
		{0AB99926-3759-4164-AA87-903C0AA3F4CB}.Debug|Any CPU.ActiveCfg = Debug|Win32
		{0AB99926-3759-4164-AA87-903C0AA3F4CB}.Debug|Any CPU.Build.0 = Debug|Win32
		{0AB99926-3759-4164-AA87-903C0AA3F4CB}.Debug|Win32.ActiveCfg = Debug|Win32
		{0AB99926-3759-4164-AA87-903C0AA3F4CB}.Debug|Win32.Build.0 = Debug|Win32
		{0AB99926-3759-4164-AA87-903C0AA3F4CB}.Release|Any CPU.ActiveCfg = Release|Win32
		{0AB99926-3759-4164-AA87-903C0AA3F4CB}.Release|Any CPU.Build.0 = Release|Win32
		{0AB99926-3759-4164-AA87-903C0AA3F4CB}.Release|Win32.ActiveCfg = Release|Win32
		{0AB99926-3759-4164-AA87-903C0AA3F4CB}.Release|Win32.Build.0 = Release|Win32
		{B6288B18-F2B5-4B5A-8EE5-D5F0438638AF}.Debug|Any CPU.ActiveCfg = Debug|Win32
		{B6288B18-F2B5-4B5A-8EE5-D5F0438638AF}.Debug|Any CPU.Build.0 = Debug|Win32
		{B6288B18-F2B5-4B5A-8EE5-D5F0438638AF}.Debug|Win32.ActiveCfg = Debug|Win32
		{B6288B18-F2B5-4B5A-8EE5-D5F0438638AF}.Debug|Win32.Build.0 = Debug|Win32
		{B6288B18-F2B5-4B5A-8EE5-D5F0438638AF}.Release|Any CPU.ActiveCfg = Release|Win32
		{B6288B18-F2B5-4B5A-8EE5-D5F0438638AF}.Release|Any CPU.Build.0 = Release|Win32
		{B6288B18-F2B5-4B5A-8EE5-D5F0438638AF}.Release|Win32.ActiveCfg = Release|Win32
		{B6288B18-F2B5-4B5A-8EE5-D5F0438638AF}.Release|Win32.Build.0 = Release|Win32
		{8DDBF610-E9AF-4F5D-BF9B-9E1A12C599F7}.Debug|Any CPU.ActiveCfg = Debug|Win32
		{8DDBF610-E9AF-4F5D-BF9B-9E1A12C599F7}.Debug|Any CPU.Build.0 = Debug|Win32
		{8DDBF610-E9AF-4F5D-BF9B-9E1A12C599F7}.Debug|Win32.ActiveCfg = Debug|Win32
		{8DDBF610-E9AF-4F5D-BF9B-9E1A12C599F7}.Debug|Win32.Build.0 = Debug|Win32
		{8DDBF610-E9AF-4F5D-BF9B-9E1A12C599F7}.Release|Any CPU.ActiveCfg = Release|Win32
		{8DDBF610-E9AF-4F5D-BF9B-9E1A12C599F7}.Release|Any CPU.Build.0 = Release|Win32
		{8DDBF610-E9AF-4F5D-BF9B-9E1A12C599F7}.Release|Win32.ActiveCfg = Release|Win32
		{8DDBF610-E9AF-4F5D-BF9B-9E1A12C599F7}.Release|Win32.Build.0 = Release|Win32
		{C19C947A-27C6-4042-A9B3-C0A2D9CF5488}.Debug|Any CPU.ActiveCfg = Debug|Win32
		{C19C947A-27C6-4042-A9B3-C0A2D9CF5488}.Debug|Any CPU.Build.0 = Debug|Win32
		{C19C947A-27C6-4042-A9B3-C0A2D9CF5488}.Debug|Win32.ActiveCfg = Debug|Win32
		{C19C947A-27C6-4042-A9B3-C0A2D9CF5488}.Debug|Win32.Build.0 = Debug|Win32
		{C19C947A-27C6-4042-A9B3-C0A2D9CF5488}.Release|Any CPU.ActiveCfg = Release|Win32
		{C19C947A-27C6-4042-A9B3-C0A2D9CF5488}.Release|Any CPU.Build.0 = Release|Win32
		{C19C947A-27C6-4042-A9B3-C0A2D9CF5488}.Release|Win32.ActiveCfg = Release|Win32
		{C19C947A-27C6-4042-A9B3-C0A2D9CF5488}.Release|Win32.Build.0 = Release|Win32
		{C02B9440-D14A-4B81-9475-B33F9B09EC70}.Debug|Any CPU.ActiveCfg = Debug|Win32
		{C02B9440-D14A-4B81-9475-B33F9B09EC70}.Debug|Any CPU.Build.0 = Debug|Win32
		{C02B9440-D14A-4B81-9475-B33F9B09EC70}.Debug|Win32.ActiveCfg = Debug|Win32
		{C02B9440-D14A-4B81-9475-B33F9B09EC70}.Debug|Win32.Build.0 = Debug|Win32
		{C02B9440-D14A-4B81-9475-B33F9B09EC70}.Release|Any CPU.ActiveCfg = Release|Win32
		{C02B9440-D14A-4B81-9475-B33F9B09EC70}.Release|Any CPU.Build.0 = Release|Win32
		{C02B9440-D14A-4B81-9475-B33F9B09EC70}.Release|Win32.ActiveCfg = Release|Win32
		{C02B9440-D14A-4B81-9475-B33F9B09EC70}.Release|Win32.Build.0 = Release|Win32
		{7679EFD3-C910-4A79-B992-6BCFCDD3E0D6}.Debug|Any CPU.ActiveCfg = Debug|Win32
		{7679EFD3-C910-4A79-B992-6BCFCDD3E0D6}.Debug|Any CPU.Build.0 = Debug|Win32
		{7679EFD3-C910-4A79-B992-6BCFCDD3E0D6}.Debug|Win32.ActiveCfg = Debug|Win32
		{7679EFD3-C910-4A79-B992-6BCFCDD3E0D6}.Debug|Win32.Build.0 = Debug|Win32
		{7679EFD3-C910-4A79-B992-6BCFCDD3E0D6}.Release|Any CPU.ActiveCfg = Release|Win32
		{7679EFD3-C910-4A79-B992-6BCFCDD3E0D6}.Release|Any CPU.Build.0 = Release|Win32
		{7679EFD3-C910-4A79-B992-6BCFCDD3E0D6}.Release|Win32.ActiveCfg = Release|Win32
		{7679EFD3-C910-4A79-B992-6BCFCDD3E0D6}.Release|Win32.Build.0 = Release|Win32
		{53369FF0-D3E4-4FFD-82F6-13C8BD442E52}.Debug|Any CPU.ActiveCfg = Debug|Win32
		{53369FF0-D3E4-4FFD-82F6-13C8BD442E52}.Debug|Any CPU.Build.0 = Debug|Win32
		{53369FF0-D3E4-4FFD-82F6-13C8BD442E52}.Debug|Win32.ActiveCfg = Debug|Win32
		{53369FF0-D3E4-4FFD-82F6-13C8BD442E52}.Debug|Win32.Build.0 = Debug|Win32
		{53369FF0-D3E4-4FFD-82F6-13C8BD442E52}.Release|Any CPU.ActiveCfg = Release|Win32
		{53369FF0-D3E4-4FFD-82F6-13C8BD442E52}.Release|Any CPU.Build.0 = Release|Win32
		{53369FF0-D3E4-4FFD-82F6-13C8BD442E52}.Release|Win32.ActiveCfg = Release|Win32
		{53369FF0-D3E4-4FFD-82F6-13C8BD442E52}.Release|Win32.Build.0 = Release|Win32
		{81EBA921-1A6B-4164-A550-D08F8417BF0F}.Debug|Any CPU.ActiveCfg = Debug|Win32
		{81EBA921-1A6B-4164-A550-D08F8417BF0F}.Debug|Any CPU.Build.0 = Debug|Win32
		{81EBA921-1A6B-4164-A550-D08F8417BF0F}.Debug|Win32.ActiveCfg = Debug|Win32
		{81EBA921-1A6B-4164-A550-D08F8417BF0F}.Debug|Win32.Build.0 = Debug|Win32
		{81EBA921-1A6B-4164-A550-D08F8417BF0F}.Release|Any CPU.ActiveCfg = Release|Win32
		{81EBA921-1A6B-4164-A550-D08F8417BF0F}.Release|Any CPU.Build.0 = Release|Win32
		{81EBA921-1A6B-4164-A550-D08F8417BF0F}.Release|Win32.ActiveCfg = Release|Win32
		{81EBA921-1A6B-4164-A550-D08F8417BF0F}.Release|Win32.Build.0 = Release|Win32
		{F7C895B6-1BBA-4C98-8D3B-61B239794493}.Debug|Any CPU.ActiveCfg = Debug|Win32
		{F7C895B6-1BBA-4C98-8D3B-61B239794493}.Debug|Win32.ActiveCfg = Debug|Win32
		{F7C895B6-1BBA-4C98-8D3B-61B239794493}.Debug|Win32.Build.0 = Debug|Win32
		{F7C895B6-1BBA-4C98-8D3B-61B239794493}.Release|Any CPU.ActiveCfg = Release|Win32
		{F7C895B6-1BBA-4C98-8D3B-61B239794493}.Release|Any CPU.Build.0 = Release|Win32
		{F7C895B6-1BBA-4C98-8D3B-61B239794493}.Release|Win32.ActiveCfg = Release|Win32
		{F7C895B6-1BBA-4C98-8D3B-61B239794493}.Release|Win32.Build.0 = Release|Win32
		{6D77C86C-8F9B-44F2-89C3-27B7D45083E8}.Debug|Any CPU.ActiveCfg = Debug|Win32
		{6D77C86C-8F9B-44F2-89C3-27B7D45083E8}.Debug|Any CPU.Build.0 = Debug|Win32
		{6D77C86C-8F9B-44F2-89C3-27B7D45083E8}.Debug|Win32.ActiveCfg = Debug|Win32
		{6D77C86C-8F9B-44F2-89C3-27B7D45083E8}.Debug|Win32.Build.0 = Debug|Win32
		{6D77C86C-8F9B-44F2-89C3-27B7D45083E8}.Release|Any CPU.ActiveCfg = Release|Win32
		{6D77C86C-8F9B-44F2-89C3-27B7D45083E8}.Release|Any CPU.Build.0 = Release|Win32
		{6D77C86C-8F9B-44F2-89C3-27B7D45083E8}.Release|Win32.ActiveCfg = Release|Win32
		{6D77C86C-8F9B-44F2-89C3-27B7D45083E8}.Release|Win32.Build.0 = Release|Win32
		{589D5C26-B62C-489C-9294-3568CEDF085B}.Debug|Any CPU.ActiveCfg = Debug|Win32
		{589D5C26-B62C-489C-9294-3568CEDF085B}.Debug|Any CPU.Build.0 = Debug|Win32
		{589D5C26-B62C-489C-9294-3568CEDF085B}.Debug|Win32.ActiveCfg = Debug|Win32
		{589D5C26-B62C-489C-9294-3568CEDF085B}.Debug|Win32.Build.0 = Debug|Win32
		{589D5C26-B62C-489C-9294-3568CEDF085B}.Release|Any CPU.ActiveCfg = Release|Win32
		{589D5C26-B62C-489C-9294-3568CEDF085B}.Release|Any CPU.Build.0 = Release|Win32
		{589D5C26-B62C-489C-9294-3568CEDF085B}.Release|Win32.ActiveCfg = Release|Win32
		{589D5C26-B62C-489C-9294-3568CEDF085B}.Release|Win32.Build.0 = Release|Win32
		{2D99428D-5CF4-4FBF-AEFF-A06F401DD1B3}.Debug|Any CPU.ActiveCfg = Debug|Win32
		{2D99428D-5CF4-4FBF-AEFF-A06F401DD1B3}.Debug|Any CPU.Build.0 = Debug|Win32
		{2D99428D-5CF4-4FBF-AEFF-A06F401DD1B3}.Debug|Win32.ActiveCfg = Debug|Win32
		{2D99428D-5CF4-4FBF-AEFF-A06F401DD1B3}.Debug|Win32.Build.0 = Debug|Win32
		{2D99428D-5CF4-4FBF-AEFF-A06F401DD1B3}.Release|Any CPU.ActiveCfg = Release|Win32
		{2D99428D-5CF4-4FBF-AEFF-A06F401DD1B3}.Release|Any CPU.Build.0 = Release|Win32
		{2D99428D-5CF4-4FBF-AEFF-A06F401DD1B3}.Release|Win32.ActiveCfg = Release|Win32
		{2D99428D-5CF4-4FBF-AEFF-A06F401DD1B3}.Release|Win32.Build.0 = Release|Win32
		{3426B9A5-F0D2-4856-877C-CF43227A9560}.Debug|Any CPU.ActiveCfg = Debug|Win32
		{3426B9A5-F0D2-4856-877C-CF43227A9560}.Debug|Any CPU.Build.0 = Debug|Win32
		{3426B9A5-F0D2-4856-877C-CF43227A9560}.Debug|Win32.ActiveCfg = Debug|Win32
		{3426B9A5-F0D2-4856-877C-CF43227A9560}.Debug|Win32.Build.0 = Debug|Win32
		{3426B9A5-F0D2-4856-877C-CF43227A9560}.Release|Any CPU.ActiveCfg = Release|Win32
		{3426B9A5-F0D2-4856-877C-CF43227A9560}.Release|Any CPU.Build.0 = Release|Win32
		{3426B9A5-F0D2-4856-877C-CF43227A9560}.Release|Win32.ActiveCfg = Release|Win32
		{3426B9A5-F0D2-4856-877C-CF43227A9560}.Release|Win32.Build.0 = Release|Win32
		{DF6E3CEF-F95B-4C61-AB4C-829107D41C05}.Debug|Any CPU.ActiveCfg = Debug|Win32
		{DF6E3CEF-F95B-4C61-AB4C-829107D41C05}.Debug|Any CPU.Build.0 = Debug|Win32
		{DF6E3CEF-F95B-4C61-AB4C-829107D41C05}.Debug|Win32.ActiveCfg = Debug|Win32
		{DF6E3CEF-F95B-4C61-AB4C-829107D41C05}.Debug|Win32.Build.0 = Debug|Win32
		{DF6E3CEF-F95B-4C61-AB4C-829107D41C05}.Release|Any CPU.ActiveCfg = Release|Win32
		{DF6E3CEF-F95B-4C61-AB4C-829107D41C05}.Release|Any CPU.Build.0 = Release|Win32
		{DF6E3CEF-F95B-4C61-AB4C-829107D41C05}.Release|Win32.ActiveCfg = Release|Win32
		{DF6E3CEF-F95B-4C61-AB4C-829107D41C05}.Release|Win32.Build.0 = Release|Win32
		{D2FE9C03-A660-4AB1-8CB7-21092FEEE607}.Debug|Any CPU.ActiveCfg = Debug|Win32
		{D2FE9C03-A660-4AB1-8CB7-21092FEEE607}.Debug|Any CPU.Build.0 = Debug|Win32
		{D2FE9C03-A660-4AB1-8CB7-21092FEEE607}.Debug|Win32.ActiveCfg = Debug|Win32
		{D2FE9C03-A660-4AB1-8CB7-21092FEEE607}.Debug|Win32.Build.0 = Debug|Win32
		{D2FE9C03-A660-4AB1-8CB7-21092FEEE607}.Release|Any CPU.ActiveCfg = Release|Win32
		{D2FE9C03-A660-4AB1-8CB7-21092FEEE607}.Release|Any CPU.Build.0 = Release|Win32
		{D2FE9C03-A660-4AB1-8CB7-21092FEEE607}.Release|Win32.ActiveCfg = Release|Win32
		{D2FE9C03-A660-4AB1-8CB7-21092FEEE607}.Release|Win32.Build.0 = Release|Win32
	EndGlobalSection
	GlobalSection(SolutionProperties) = preSolution
		HideSolutionNode = FALSE
	EndGlobalSection
EndGlobal
