
Microsoft Visual Studio Solution File, Format Version 10.00
# Visual Basic Express 2008
Project("{F184B08F-C81C-45F6-A57F-5ABD9991F28F}") = "vb_remote_lat", "vb_remote_lat\vb_remote_lat.vbproj", "{592124AD-47CF-49CA-836D-0E386BF8CF4F}"
EndProject
Project("{F184B08F-C81C-45F6-A57F-5ABD9991F28F}") = "vb_local_lat", "vb_local_lat\vb_local_lat.vbproj", "{2A93898E-DA58-4C61-8C4B-9F9DBC746563}"
EndProject
Project("{F184B08F-C81C-45F6-A57F-5ABD9991F28F}") = "vb_local_thr", "vb_local_thr\vb_local_thr.vbproj", "{23539C72-F883-4B2A-9B29-FFD36C9483BE}"
EndProject
Project("{F184B08F-C81C-45F6-A57F-5ABD9991F28F}") = "vb_remote_thr", "vb_remote_thr\vb_remote_thr.vbproj", "{EA3EF2C0-668E-442E-8B7C-A19A24BDFB4C}"
EndProject
Project("{F184B08F-C81C-45F6-A57F-5ABD9991F28F}") = "pack", "pack\pack.vbproj", "{FFDDA6AA-AFC7-455E-B677-CCAD38684196}"
EndProject
Global
	GlobalSection(SolutionConfigurationPlatforms) = preSolution
		Debug|Any CPU = Debug|Any CPU
		Release|Any CPU = Release|Any CPU
	EndGlobalSection
	GlobalSection(ProjectConfigurationPlatforms) = postSolution
		{592124AD-47CF-49CA-836D-0E386BF8CF4F}.Debug|Any CPU.ActiveCfg = Debug|Any CPU
		{592124AD-47CF-49CA-836D-0E386BF8CF4F}.Debug|Any CPU.Build.0 = Debug|Any CPU
		{592124AD-47CF-49CA-836D-0E386BF8CF4F}.Release|Any CPU.ActiveCfg = Release|Any CPU
		{592124AD-47CF-49CA-836D-0E386BF8CF4F}.Release|Any CPU.Build.0 = Release|Any CPU
		{2A93898E-DA58-4C61-8C4B-9F9DBC746563}.Debug|Any CPU.ActiveCfg = Debug|Any CPU
		{2A93898E-DA58-4C61-8C4B-9F9DBC746563}.Debug|Any CPU.Build.0 = Debug|Any CPU
		{2A93898E-DA58-4C61-8C4B-9F9DBC746563}.Release|Any CPU.ActiveCfg = Release|Any CPU
		{2A93898E-DA58-4C61-8C4B-9F9DBC746563}.Release|Any CPU.Build.0 = Release|Any CPU
		{23539C72-F883-4B2A-9B29-FFD36C9483BE}.Debug|Any CPU.ActiveCfg = Debug|Any CPU
		{23539C72-F883-4B2A-9B29-FFD36C9483BE}.Debug|Any CPU.Build.0 = Debug|Any CPU
		{23539C72-F883-4B2A-9B29-FFD36C9483BE}.Release|Any CPU.ActiveCfg = Release|Any CPU
		{23539C72-F883-4B2A-9B29-FFD36C9483BE}.Release|Any CPU.Build.0 = Release|Any CPU
		{EA3EF2C0-668E-442E-8B7C-A19A24BDFB4C}.Debug|Any CPU.ActiveCfg = Debug|Any CPU
		{EA3EF2C0-668E-442E-8B7C-A19A24BDFB4C}.Debug|Any CPU.Build.0 = Debug|Any CPU
		{EA3EF2C0-668E-442E-8B7C-A19A24BDFB4C}.Release|Any CPU.ActiveCfg = Release|Any CPU
		{EA3EF2C0-668E-442E-8B7C-A19A24BDFB4C}.Release|Any CPU.Build.0 = Release|Any CPU
		{FFDDA6AA-AFC7-455E-B677-CCAD38684196}.Debug|Any CPU.ActiveCfg = Debug|Any CPU
		{FFDDA6AA-AFC7-455E-B677-CCAD38684196}.Debug|Any CPU.Build.0 = Debug|Any CPU
		{FFDDA6AA-AFC7-455E-B677-CCAD38684196}.Release|Any CPU.ActiveCfg = Release|Any CPU
		{FFDDA6AA-AFC7-455E-B677-CCAD38684196}.Release|Any CPU.Build.0 = Release|Any CPU
	EndGlobalSection
	GlobalSection(SolutionProperties) = preSolution
		HideSolutionNode = FALSE
	EndGlobalSection
EndGlobal
